// !$*UTF8*$!
{
	archiveVersion = 1;
	classes = {
	};
	objectVersion = 77;
	objects = {

/* Begin PBXContainerItemProxy section */
		49B214CC2EB45C710033A8EC /* PBXContainerItemProxy */ = {
			isa = PBXContainerItemProxy;
			containerPortal = 49B214AD2EB45C6F0033A8EC /* Project object */;
			proxyType = 1;
			remoteGlobalIDString = 49B214B42EB45C6F0033A8EC;
			remoteInfo = "GITHUB-DEMO";
		};
		49B214D62EB45C710033A8EC /* PBXContainerItemProxy */ = {
			isa = PBXContainerItemProxy;
			containerPortal = 49B214AD2EB45C6F0033A8EC /* Project object */;
			proxyType = 1;
			remoteGlobalIDString = 49B214B42EB45C6F0033A8EC;
			remoteInfo = "GITHUB-DEMO";
		};
/* End PBXContainerItemProxy section */

/* Begin PBXFileReference section */
		49B214B52EB45C6F0033A8EC /* GITHUB-DEMO.app */ = {isa = PBXFileReference; explicitFileType = wrapper.application; includeInIndex = 0; path = "GITHUB-DEMO.app"; sourceTree = BUILT_PRODUCTS_DIR; };
		49B214CB2EB45C710033A8EC /* GITHUB-DEMOTests.xctest */ = {isa = PBXFileReference; explicitFileType = wrapper.cfbundle; includeInIndex = 0; path = "GITHUB-DEMOTests.xctest"; sourceTree = BUILT_PRODUCTS_DIR; };
		49B214D52EB45C710033A8EC /* GITHUB-DEMOUITests.xctest */ = {isa = PBXFileReference; explicitFileType = wrapper.cfbundle; includeInIndex = 0; path = "GITHUB-DEMOUITests.xctest"; sourceTree = BUILT_PRODUCTS_DIR; };
/* End PBXFileReference section */

/* Begin PBXFileSystemSynchronizedBuildFileExceptionSet section */
		49B214DD2EB45C710033A8EC /* Exceptions for "GITHUB-DEMO" folder in "GITHUB-DEMO" target */ = {
			isa = PBXFileSystemSynchronizedBuildFileExceptionSet;
			membershipExceptions = (
				Info.plist,
			);
			target = 49B214B42EB45C6F0033A8EC /* GITHUB-DEMO */;
		};
/* End PBXFileSystemSynchronizedBuildFileExceptionSet section */

/* Begin PBXFileSystemSynchronizedRootGroup section */
		49B214B72EB45C6F0033A8EC /* GITHUB-DEMO */ = {
			isa = PBXFileSystemSynchronizedRootGroup;
			exceptions = (
				49B214DD2EB45C710033A8EC /* Exceptions for "GITHUB-DEMO" folder in "GITHUB-DEMO" target */,
			);
			path = "GITHUB-DEMO";
			sourceTree = "<group>";
		};
		49B214CE2EB45C710033A8EC /* GITHUB-DEMOTests */ = {
			isa = PBXFileSystemSynchronizedRootGroup;
			path = "GITHUB-DEMOTests";
			sourceTree = "<group>";
		};
		49B214D82EB45C710033A8EC /* GITHUB-DEMOUITests */ = {
			isa = PBXFileSystemSynchronizedRootGroup;
			path = "GITHUB-DEMOUITests";
			sourceTree = "<group>";
		};
/* End PBXFileSystemSynchronizedRootGroup section */

/* Begin PBXFrameworksBuildPhase section */
		49B214B22EB45C6F0033A8EC /* Frameworks */ = {
			isa = PBXFrameworksBuildPhase;
			buildActionMask = 2147483647;
			files = (
			);
			runOnlyForDeploymentPostprocessing = 0;
		};
		49B214C82EB45C710033A8EC /* Frameworks */ = {
			isa = PBXFrameworksBuildPhase;
			buildActionMask = 2147483647;
			files = (
			);
			runOnlyForDeploymentPostprocessing = 0;
		};
		49B214D22EB45C710033A8EC /* Frameworks */ = {
			isa = PBXFrameworksBuildPhase;
			buildActionMask = 2147483647;
			files = (
			);
			runOnlyForDeploymentPostprocessing = 0;
		};
/* End PBXFrameworksBuildPhase section */

/* Begin PBXGroup section */
		49B214AC2EB45C6F0033A8EC = {
			isa = PBXGroup;
			children = (
				49B214B72EB45C6F0033A8EC /* GITHUB-DEMO */,
				49B214CE2EB45C710033A8EC /* GITHUB-DEMOTests */,
				49B214D82EB45C710033A8EC /* GITHUB-DEMOUITests */,
				49B214B62EB45C6F0033A8EC /* Products */,
			);
			sourceTree = "<group>";
		};
		49B214B62EB45C6F0033A8EC /* Products */ = {
			isa = PBXGroup;
			children = (
				49B214B52EB45C6F0033A8EC /* GITHUB-DEMO.app */,
				49B214CB2EB45C710033A8EC /* GITHUB-DEMOTests.xctest */,
				49B214D52EB45C710033A8EC /* GITHUB-DEMOUITests.xctest */,
			);
			name = Products;
			sourceTree = "<group>";
		};
/* End PBXGroup section */

/* Begin PBXNativeTarget section */
		49B214B42EB45C6F0033A8EC /* GITHUB-DEMO */ = {
			isa = PBXNativeTarget;
			buildConfigurationList = 49B214DE2EB45C710033A8EC /* Build configuration list for PBXNativeTarget "GITHUB-DEMO" */;
			buildPhases = (
				49B214B12EB45C6F0033A8EC /* Sources */,
				49B214B22EB45C6F0033A8EC /* Frameworks */,
				49B214B32EB45C6F0033A8EC /* Resources */,
			);
			buildRules = (
			);
			dependencies = (
			);
			fileSystemSynchronizedGroups = (
				49B214B72EB45C6F0033A8EC /* GITHUB-DEMO */,
			);
			name = "GITHUB-DEMO";
			packageProductDependencies = (
			);
			productName = "GITHUB-DEMO";
			productReference = 49B214B52EB45C6F0033A8EC /* GITHUB-DEMO.app */;
			productType = "com.apple.product-type.application";
		};
		49B214CA2EB45C710033A8EC /* GITHUB-DEMOTests */ = {
			isa = PBXNativeTarget;
			buildConfigurationList = 49B214E32EB45C710033A8EC /* Build configuration list for PBXNativeTarget "GITHUB-DEMOTests" */;
			buildPhases = (
				49B214C72EB45C710033A8EC /* Sources */,
				49B214C82EB45C710033A8EC /* Frameworks */,
				49B214C92EB45C710033A8EC /* Resources */,
			);
			buildRules = (
			);
			dependencies = (
				49B214CD2EB45C710033A8EC /* PBXTargetDependency */,
			);
			fileSystemSynchronizedGroups = (
				49B214CE2EB45C710033A8EC /* GITHUB-DEMOTests */,
			);
			name = "GITHUB-DEMOTests";
			packageProductDependencies = (
			);
			productName = "GITHUB-DEMOTests";
			productReference = 49B214CB2EB45C710033A8EC /* GITHUB-DEMOTests.xctest */;
			productType = "com.apple.product-type.bundle.unit-test";
		};
		49B214D42EB45C710033A8EC /* GITHUB-DEMOUITests */ = {
			isa = PBXNativeTarget;
			buildConfigurationList = 49B214E62EB45C710033A8EC /* Build configuration list for PBXNativeTarget "GITHUB-DEMOUITests" */;
			buildPhases = (
				49B214D12EB45C710033A8EC /* Sources */,
				49B214D22EB45C710033A8EC /* Frameworks */,
				49B214D32EB45C710033A8EC /* Resources */,
			);
			buildRules = (
			);
			dependencies = (
				49B214D72EB45C710033A8EC /* PBXTargetDependency */,
			);
			fileSystemSynchronizedGroups = (
				49B214D82EB45C710033A8EC /* GITHUB-DEMOUITests */,
			);
			name = "GITHUB-DEMOUITests";
			packageProductDependencies = (
			);
			productName = "GITHUB-DEMOUITests";
			productReference = 49B214D52EB45C710033A8EC /* GITHUB-DEMOUITests.xctest */;
			productType = "com.apple.product-type.bundle.ui-testing";
		};
/* End PBXNativeTarget section */

/* Begin PBXProject section */
		49B214AD2EB45C6F0033A8EC /* Project object */ = {
			isa = PBXProject;
			attributes = {
				BuildIndependentTargetsInParallel = 1;
				LastSwiftUpdateCheck = 1620;
				LastUpgradeCheck = 1620;
				TargetAttributes = {
					49B214B42EB45C6F0033A8EC = {
						CreatedOnToolsVersion = 16.2;
					};
					49B214CA2EB45C710033A8EC = {
						CreatedOnToolsVersion = 16.2;
						TestTargetID = 49B214B42EB45C6F0033A8EC;
					};
					49B214D42EB45C710033A8EC = {
						CreatedOnToolsVersion = 16.2;
						TestTargetID = 49B214B42EB45C6F0033A8EC;
					};
				};
			};
			buildConfigurationList = 49B214B02EB45C6F0033A8EC /* Build configuration list for PBXProject "GITHUB-DEMO" */;
			developmentRegion = en;
			hasScannedForEncodings = 0;
			knownRegions = (
				en,
				Base,
			);
			mainGroup = 49B214AC2EB45C6F0033A8EC;
			minimizedProjectReferenceProxies = 1;
			preferredProjectObjectVersion = 77;
			productRefGroup = 49B214B62EB45C6F0033A8EC /* Products */;
			projectDirPath = "";
			projectRoot = "";
			targets = (
				49B214B42EB45C6F0033A8EC /* GITHUB-DEMO */,
				49B214CA2EB45C710033A8EC /* GITHUB-DEMOTests */,
				49B214D42EB45C710033A8EC /* GITHUB-DEMOUITests */,
			);
		};
/* End PBXProject section */

/* Begin PBXResourcesBuildPhase section */
		49B214B32EB45C6F0033A8EC /* Resources */ = {
			isa = PBXResourcesBuildPhase;
			buildActionMask = 2147483647;
			files = (
			);
			runOnlyForDeploymentPostprocessing = 0;
		};
		49B214C92EB45C710033A8EC /* Resources */ = {
			isa = PBXResourcesBuildPhase;
			buildActionMask = 2147483647;
			files = (
			);
			runOnlyForDeploymentPostprocessing = 0;
		};
		49B214D32EB45C710033A8EC /* Resources */ = {
			isa = PBXResourcesBuildPhase;
			buildActionMask = 2147483647;
			files = (
			);
			runOnlyForDeploymentPostprocessing = 0;
		};
/* End PBXResourcesBuildPhase section */

/* Begin PBXSourcesBuildPhase section */
		49B214B12EB45C6F0033A8EC /* Sources */ = {
			isa = PBXSourcesBuildPhase;
			buildActionMask = 2147483647;
			files = (
			);
			runOnlyForDeploymentPostprocessing = 0;
		};
		49B214C72EB45C710033A8EC /* Sources */ = {
			isa = PBXSourcesBuildPhase;
			buildActionMask = 2147483647;
			files = (
			);
			runOnlyForDeploymentPostprocessing = 0;
		};
		49B214D12EB45C710033A8EC /* Sources */ = {
			isa = PBXSourcesBuildPhase;
			buildActionMask = 2147483647;
			files = (
			);
			runOnlyForDeploymentPostprocessing = 0;
		};
/* End PBXSourcesBuildPhase section */

/* Begin PBXTargetDependency section */
		49B214CD2EB45C710033A8EC /* PBXTargetDependency */ = {
			isa = PBXTargetDependency;
			target = 49B214B42EB45C6F0033A8EC /* GITHUB-DEMO */;
			targetProxy = 49B214CC2EB45C710033A8EC /* PBXContainerItemProxy */;
		};
		49B214D72EB45C710033A8EC /* PBXTargetDependency */ = {
			isa = PBXTargetDependency;
			target = 49B214B42EB45C6F0033A8EC /* GITHUB-DEMO */;
			targetProxy = 49B214D62EB45C710033A8EC /* PBXContainerItemProxy */;
		};
/* End PBXTargetDependency section */

/* Begin XCBuildConfiguration section */
		49B214DF2EB45C710033A8EC /* Debug */ = {
			isa = XCBuildConfiguration;
			buildSettings = {
				ASSETCATALOG_COMPILER_APPICON_NAME = AppIcon;
				ASSETCATALOG_COMPILER_GLOBAL_ACCENT_COLOR_NAME = AccentColor;
				CODE_SIGN_STYLE = Automatic;
				CURRENT_PROJECT_VERSION = 1;
				GENERATE_INFOPLIST_FILE = YES;
				INFOPLIST_FILE = "GITHUB-DEMO/Info.plist";
				INFOPLIST_KEY_UIApplicationSupportsIndirectInputEvents = YES;
				INFOPLIST_KEY_UILaunchStoryboardName = LaunchScreen;
				INFOPLIST_KEY_UIMainStoryboardFile = Main;
				INFOPLIST_KEY_UISupportedInterfaceOrientations_iPad = "UIInterfaceOrientationPortrait UIInterfaceOrientationPortraitUpsideDown UIInterfaceOrientationLandscapeLeft UIInterfaceOrientationLandscapeRight";
				INFOPLIST_KEY_UISupportedInterfaceOrientations_iPhone = "UIInterfaceOrientationPortrait UIInterfaceOrientationLandscapeLeft UIInterfaceOrientationLandscapeRight";
				LD_RUNPATH_SEARCH_PATHS = (
					"$(inherited)",
					"@executable_path/Frameworks",
				);
				MARKETING_VERSION = 1.0;
				PRODUCT_BUNDLE_IDENTIFIER = "com.sample.GITHUB-DEMO";
				PRODUCT_NAME = "$(TARGET_NAME)";
				SWIFT_EMIT_LOC_STRINGS = YES;
				SWIFT_VERSION = 5.0;
				TARGETED_DEVICE_FAMILY = "1,2";
			};
			name = Debug;
		};
		49B214E02EB45C710033A8EC /* Release */ = {
			isa = XCBuildConfiguration;
			buildSettings = {
				ASSETCATALOG_COMPILER_APPICON_NAME = AppIcon;
				ASSETCATALOG_COMPILER_GLOBAL_ACCENT_COLOR_NAME = AccentColor;
				CODE_SIGN_STYLE = Automatic;
				CURRENT_PROJECT_VERSION = 1;
				GENERATE_INFOPLIST_FILE = YES;
				INFOPLIST_FILE = "GITHUB-DEMO/Info.plist";
				INFOPLIST_KEY_UIApplicationSupportsIndirectInputEvents = YES;
				INFOPLIST_KEY_UILaunchStoryboardName = LaunchScreen;
				INFOPLIST_KEY_UIMainStoryboardFile = Main;
				INFOPLIST_KEY_UISupportedInterfaceOrientations_iPad = "UIInterfaceOrientationPortrait UIInterfaceOrientationPortraitUpsideDown UIInterfaceOrientationLandscapeLeft UIInterfaceOrientationLandscapeRight";
				INFOPLIST_KEY_UISupportedInterfaceOrientations_iPhone = "UIInterfaceOrientationPortrait UIInterfaceOrientationLandscapeLeft UIInterfaceOrientationLandscapeRight";
				LD_RUNPATH_SEARCH_PATHS = (
					"$(inherited)",
					"@executable_path/Frameworks",
				);
				MARKETING_VERSION = 1.0;
				PRODUCT_BUNDLE_IDENTIFIER = "com.sample.GITHUB-DEMO";
				PRODUCT_NAME = "$(TARGET_NAME)";
				SWIFT_EMIT_LOC_STRINGS = YES;
				SWIFT_VERSION = 5.0;
				TARGETED_DEVICE_FAMILY = "1,2";
			};
			name = Release;
		};
		49B214E12EB45C710033A8EC /* Debug */ = {
			isa = XCBuildConfiguration;
			buildSettings = {
				ALWAYS_SEARCH_USER_PATHS = NO;
				ASSETCATALOG_COMPILER_GENERATE_SWIFT_ASSET_SYMBOL_EXTENSIONS = YES;
				CLANG_ANALYZER_NONNULL = YES;
				CLANG_ANALYZER_NUMBER_OBJECT_CONVERSION = YES_AGGRESSIVE;
				CLANG_CXX_LANGUAGE_STANDARD = "gnu++20";
				CLANG_ENABLE_MODULES = YES;
				CLANG_ENABLE_OBJC_ARC = YES;
				CLANG_ENABLE_OBJC_WEAK = YES;
				CLANG_WARN_BLOCK_CAPTURE_AUTORELEASING = YES;
				CLANG_WARN_BOOL_CONVERSION = YES;
				CLANG_WARN_COMMA = YES;
				CLANG_WARN_CONSTANT_CONVERSION = YES;
				CLANG_WARN_DEPRECATED_OBJC_IMPLEMENTATIONS = YES;
				CLANG_WARN_DIRECT_OBJC_ISA_USAGE = YES_ERROR;
				CLANG_WARN_DOCUMENTATION_COMMENTS = YES;
				CLANG_WARN_EMPTY_BODY = YES;
				CLANG_WARN_ENUM_CONVERSION = YES;
				CLANG_WARN_INFINITE_RECURSION = YES;
				CLANG_WARN_INT_CONVERSION = YES;
				CLANG_WARN_NON_LITERAL_NULL_CONVERSION = YES;
				CLANG_WARN_OBJC_IMPLICIT_RETAIN_SELF = YES;
				CLANG_WARN_OBJC_LITERAL_CONVERSION = YES;
				CLANG_WARN_OBJC_ROOT_CLASS = YES_ERROR;
				CLANG_WARN_QUOTED_INCLUDE_IN_FRAMEWORK_HEADER = YES;
				CLANG_WARN_RANGE_LOOP_ANALYSIS = YES;
				CLANG_WARN_STRICT_PROTOTYPES = YES;
				CLANG_WARN_SUSPICIOUS_MOVE = YES;
				CLANG_WARN_UNGUARDED_AVAILABILITY = YES_AGGRESSIVE;
				CLANG_WARN_UNREACHABLE_CODE = YES;
				CLANG_WARN__DUPLICATE_METHOD_MATCH = YES;
				COPY_PHASE_STRIP = NO;
				DEBUG_INFORMATION_FORMAT = dwarf;
				ENABLE_STRICT_OBJC_MSGSEND = YES;
				ENABLE_TESTABILITY = YES;
				ENABLE_USER_SCRIPT_SANDBOXING = YES;
				GCC_C_LANGUAGE_STANDARD = gnu17;
				GCC_DYNAMIC_NO_PIC = NO;
				GCC_NO_COMMON_BLOCKS = YES;
				GCC_OPTIMIZATION_LEVEL = 0;
				GCC_PREPROCESSOR_DEFINITIONS = (
					"DEBUG=1",
					"$(inherited)",
				);
				GCC_WARN_64_TO_32_BIT_CONVERSION = YES;
				GCC_WARN_ABOUT_RETURN_TYPE = YES_ERROR;
				GCC_WARN_UNDECLARED_SELECTOR = YES;
				GCC_WARN_UNINITIALIZED_AUTOS = YES_AGGRESSIVE;
				GCC_WARN_UNUSED_FUNCTION = YES;
				GCC_WARN_UNUSED_VARIABLE = YES;
				IPHONEOS_DEPLOYMENT_TARGET = 18.2;
				LOCALIZATION_PREFERS_STRING_CATALOGS = YES;
				MTL_ENABLE_DEBUG_INFO = INCLUDE_SOURCE;
				MTL_FAST_MATH = YES;
				ONLY_ACTIVE_ARCH = YES;
				SDKROOT = iphoneos;
				SWIFT_ACTIVE_COMPILATION_CONDITIONS = "DEBUG $(inherited)";
				SWIFT_OPTIMIZATION_LEVEL = "-Onone";
			};
			name = Debug;
		};
		49B214E22EB45C710033A8EC /* Release */ = {
			isa = XCBuildConfiguration;
			buildSettings = {
				ALWAYS_SEARCH_USER_PATHS = NO;
				ASSETCATALOG_COMPILER_GENERATE_SWIFT_ASSET_SYMBOL_EXTENSIONS = YES;
				CLANG_ANALYZER_NONNULL = YES;
				CLANG_ANALYZER_NUMBER_OBJECT_CONVERSION = YES_AGGRESSIVE;
				CLANG_CXX_LANGUAGE_STANDARD = "gnu++20";
				CLANG_ENABLE_MODULES = YES;
				CLANG_ENABLE_OBJC_ARC = YES;
				CLANG_ENABLE_OBJC_WEAK = YES;
				CLANG_WARN_BLOCK_CAPTURE_AUTORELEASING = YES;
				CLANG_WARN_BOOL_CONVERSION = YES;
				CLANG_WARN_COMMA = YES;
				CLANG_WARN_CONSTANT_CONVERSION = YES;
				CLANG_WARN_DEPRECATED_OBJC_IMPLEMENTATIONS = YES;
				CLANG_WARN_DIRECT_OBJC_ISA_USAGE = YES_ERROR;
				CLANG_WARN_DOCUMENTATION_COMMENTS = YES;
				CLANG_WARN_EMPTY_BODY = YES;
				CLANG_WARN_ENUM_CONVERSION = YES;
				CLANG_WARN_INFINITE_RECURSION = YES;
				CLANG_WARN_INT_CONVERSION = YES;
				CLANG_WARN_NON_LITERAL_NULL_CONVERSION = YES;
				CLANG_WARN_OBJC_IMPLICIT_RETAIN_SELF = YES;
				CLANG_WARN_OBJC_LITERAL_CONVERSION = YES;
				CLANG_WARN_OBJC_ROOT_CLASS = YES_ERROR;
				CLANG_WARN_QUOTED_INCLUDE_IN_FRAMEWORK_HEADER = YES;
				CLANG_WARN_RANGE_LOOP_ANALYSIS = YES;
				CLANG_WARN_STRICT_PROTOTYPES = YES;
				CLANG_WARN_SUSPICIOUS_MOVE = YES;
				CLANG_WARN_UNGUARDED_AVAILABILITY = YES_AGGRESSIVE;
				CLANG_WARN_UNREACHABLE_CODE = YES;
				CLANG_WARN__DUPLICATE_METHOD_MATCH = YES;
				COPY_PHASE_STRIP = NO;
				DEBUG_INFORMATION_FORMAT = "dwarf-with-dsym";
				ENABLE_NS_ASSERTIONS = NO;
				ENABLE_STRICT_OBJC_MSGSEND = YES;
				ENABLE_USER_SCRIPT_SANDBOXING = YES;
				GCC_C_LANGUAGE_STANDARD = gnu17;
				GCC_NO_COMMON_BLOCKS = YES;
				GCC_WARN_64_TO_32_BIT_CONVERSION = YES;
				GCC_WARN_ABOUT_RETURN_TYPE = YES_ERROR;
				GCC_WARN_UNDECLARED_SELECTOR = YES;
				GCC_WARN_UNINITIALIZED_AUTOS = YES_AGGRESSIVE;
				GCC_WARN_UNUSED_FUNCTION = YES;
				GCC_WARN_UNUSED_VARIABLE = YES;
				IPHONEOS_DEPLOYMENT_TARGET = 18.2;
				LOCALIZATION_PREFERS_STRING_CATALOGS = YES;
				MTL_ENABLE_DEBUG_INFO = NO;
				MTL_FAST_MATH = YES;
				SDKROOT = iphoneos;
				SWIFT_COMPILATION_MODE = wholemodule;
				VALIDATE_PRODUCT = YES;
			};
			name = Release;
		};
		49B214E42EB45C710033A8EC /* Debug */ = {
			isa = XCBuildConfiguration;
			buildSettings = {
				BUNDLE_LOADER = "$(TEST_HOST)";
				CODE_SIGN_STYLE = Automatic;
				CURRENT_PROJECT_VERSION = 1;
				GENERATE_INFOPLIST_FILE = YES;
				IPHONEOS_DEPLOYMENT_TARGET = 18.2;
				MARKETING_VERSION = 1.0;
				PRODUCT_BUNDLE_IDENTIFIER = "com.sample.GITHUB-DEMOTests";
				PRODUCT_NAME = "$(TARGET_NAME)";
				SWIFT_EMIT_LOC_STRINGS = NO;
				SWIFT_VERSION = 5.0;
				TARGETED_DEVICE_FAMILY = "1,2";
				TEST_HOST = "$(BUILT_PRODUCTS_DIR)/GITHUB-DEMO.app/$(BUNDLE_EXECUTABLE_FOLDER_PATH)/GITHUB-DEMO";
			};
			name = Debug;
		};
		49B214E52EB45C710033A8EC /* Release */ = {
			isa = XCBuildConfiguration;
			buildSettings = {
				BUNDLE_LOADER = "$(TEST_HOST)";
				CODE_SIGN_STYLE = Automatic;
				CURRENT_PROJECT_VERSION = 1;
				GENERATE_INFOPLIST_FILE = YES;
				IPHONEOS_DEPLOYMENT_TARGET = 18.2;
				MARKETING_VERSION = 1.0;
				PRODUCT_BUNDLE_IDENTIFIER = "com.sample.GITHUB-DEMOTests";
				PRODUCT_NAME = "$(TARGET_NAME)";
				SWIFT_EMIT_LOC_STRINGS = NO;
				SWIFT_VERSION = 5.0;
				TARGETED_DEVICE_FAMILY = "1,2";
				TEST_HOST = "$(BUILT_PRODUCTS_DIR)/GITHUB-DEMO.app/$(BUNDLE_EXECUTABLE_FOLDER_PATH)/GITHUB-DEMO";
			};
			name = Release;
		};
		49B214E72EB45C710033A8EC /* Debug */ = {
			isa = XCBuildConfiguration;
			buildSettings = {
				CODE_SIGN_STYLE = Automatic;
				CURRENT_PROJECT_VERSION = 1;
				GENERATE_INFOPLIST_FILE = YES;
				MARKETING_VERSION = 1.0;
				PRODUCT_BUNDLE_IDENTIFIER = "com.sample.GITHUB-DEMOUITests";
				PRODUCT_NAME = "$(TARGET_NAME)";
				SWIFT_EMIT_LOC_STRINGS = NO;
				SWIFT_VERSION = 5.0;
				TARGETED_DEVICE_FAMILY = "1,2";
				TEST_TARGET_NAME = "GITHUB-DEMO";
			};
			name = Debug;
		};
		49B214E82EB45C710033A8EC /* Release */ = {
			isa = XCBuildConfiguration;
			buildSettings = {
				CODE_SIGN_STYLE = Automatic;
				CURRENT_PROJECT_VERSION = 1;
				GENERATE_INFOPLIST_FILE = YES;
				MARKETING_VERSION = 1.0;
				PRODUCT_BUNDLE_IDENTIFIER = "com.sample.GITHUB-DEMOUITests";
				PRODUCT_NAME = "$(TARGET_NAME)";
				SWIFT_EMIT_LOC_STRINGS = NO;
				SWIFT_VERSION = 5.0;
				TARGETED_DEVICE_FAMILY = "1,2";
				TEST_TARGET_NAME = "GITHUB-DEMO";
			};
			name = Release;
		};
/* End XCBuildConfiguration section */

/* Begin XCConfigurationList section */
		49B214B02EB45C6F0033A8EC /* Build configuration list for PBXProject "GITHUB-DEMO" */ = {
			isa = XCConfigurationList;
			buildConfigurations = (
				49B214E12EB45C710033A8EC /* Debug */,
				49B214E22EB45C710033A8EC /* Release */,
			);
			defaultConfigurationIsVisible = 0;
			defaultConfigurationName = Release;
		};
		49B214DE2EB45C710033A8EC /* Build configuration list for PBXNativeTarget "GITHUB-DEMO" */ = {
			isa = XCConfigurationList;
			buildConfigurations = (
				49B214DF2EB45C710033A8EC /* Debug */,
				49B214E02EB45C710033A8EC /* Release */,
			);
			defaultConfigurationIsVisible = 0;
			defaultConfigurationName = Release;
		};
		49B214E32EB45C710033A8EC /* Build configuration list for PBXNativeTarget "GITHUB-DEMOTests" */ = {
			isa = XCConfigurationList;
			buildConfigurations = (
				49B214E42EB45C710033A8EC /* Debug */,
				49B214E52EB45C710033A8EC /* Release */,
			);
			defaultConfigurationIsVisible = 0;
			defaultConfigurationName = Release;
		};
		49B214E62EB45C710033A8EC /* Build configuration list for PBXNativeTarget "GITHUB-DEMOUITests" */ = {
			isa = XCConfigurationList;
			buildConfigurations = (
				49B214E72EB45C710033A8EC /* Debug */,
				49B214E82EB45C710033A8EC /* Release */,
			);
			defaultConfigurationIsVisible = 0;
			defaultConfigurationName = Release;
		};
/* End XCConfigurationList section */
	};
	rootObject = 49B214AD2EB45C6F0033A8EC /* Project object */;
}
